// !$*UTF8*$!
{
	archiveVersion = 1;
	classes = {
	};
	objectVersion = 46;
	objects = {

/* Begin PBXBuildFile section */
		D30DD1801A96206F00CB6525 /* BinaryTreeMazeGenerator.m in Sources */ = {isa = PBXBuildFile; fileRef = D30DD17F1A96206F00CB6525 /* BinaryTreeMazeGenerator.m */; };
		D37F1F9B1A8D993D00952ADF /* main.m in Sources */ = {isa = PBXBuildFile; fileRef = D37F1F9A1A8D993D00952ADF /* main.m */; };
		D37F1F9E1A8D993D00952ADF /* AppDelegate.m in Sources */ = {isa = PBXBuildFile; fileRef = D37F1F9D1A8D993D00952ADF /* AppDelegate.m */; };
		D37F1FA11A8D993D00952ADF /* GameScene.m in Sources */ = {isa = PBXBuildFile; fileRef = D37F1FA01A8D993D00952ADF /* GameScene.m */; };
		D37F1FA31A8D993D00952ADF /* GameScene.sks in Resources */ = {isa = PBXBuildFile; fileRef = D37F1FA21A8D993D00952ADF /* GameScene.sks */; };
		D37F1FA61A8D993D00952ADF /* GameViewController.m in Sources */ = {isa = PBXBuildFile; fileRef = D37F1FA51A8D993D00952ADF /* GameViewController.m */; };
		D37F1FA91A8D993D00952ADF /* Main.storyboard in Resources */ = {isa = PBXBuildFile; fileRef = D37F1FA71A8D993D00952ADF /* Main.storyboard */; };
		D37F1FAB1A8D993D00952ADF /* Images.xcassets in Resources */ = {isa = PBXBuildFile; fileRef = D37F1FAA1A8D993D00952ADF /* Images.xcassets */; };
		D37F1FAE1A8D993D00952ADF /* LaunchScreen.xib in Resources */ = {isa = PBXBuildFile; fileRef = D37F1FAC1A8D993D00952ADF /* LaunchScreen.xib */; };
		D37F1FBA1A8D993D00952ADF /* FaceTests.m in Sources */ = {isa = PBXBuildFile; fileRef = D37F1FB91A8D993D00952ADF /* FaceTests.m */; };
		D37F1FC61A8D998C00952ADF /* BBSquareGrid.m in Sources */ = {isa = PBXBuildFile; fileRef = D37F1FC51A8D998C00952ADF /* BBSquareGrid.m */; };
		D37F1FC91A8D999C00952ADF /* BBFace.m in Sources */ = {isa = PBXBuildFile; fileRef = D37F1FC81A8D999C00952ADF /* BBFace.m */; };
		D37F1FCC1A8D99A400952ADF /* BBEdge.m in Sources */ = {isa = PBXBuildFile; fileRef = D37F1FCB1A8D99A400952ADF /* BBEdge.m */; };
		D37F1FCF1A8D99AC00952ADF /* BBVertex.m in Sources */ = {isa = PBXBuildFile; fileRef = D37F1FCE1A8D99AC00952ADF /* BBVertex.m */; };
		D37F1FD21A8E356800952ADF /* BBSquareGridController.m in Sources */ = {isa = PBXBuildFile; fileRef = D37F1FD11A8E356800952ADF /* BBSquareGridController.m */; };
		D37F1FD41A8EDC6000952ADF /* EdgeTests.m in Sources */ = {isa = PBXBuildFile; fileRef = D37F1FD31A8EDC6000952ADF /* EdgeTests.m */; };
		D3A69C901A9F6A3400601E52 /* GridTests.m in Sources */ = {isa = PBXBuildFile; fileRef = D3A69C8F1A9F6A3400601E52 /* GridTests.m */; };
		D3A69C921A9F76B600601E52 /* GridDirectionTests.m in Sources */ = {isa = PBXBuildFile; fileRef = D3A69C911A9F76B600601E52 /* GridDirectionTests.m */; };
		D3A69C941A9FA2A200601E52 /* VertexTests.m in Sources */ = {isa = PBXBuildFile; fileRef = D3A69C931A9FA2A200601E52 /* VertexTests.m */; };
		D3A69CFF1AA2150000601E52 /* GridStorageTests.m in Sources */ = {isa = PBXBuildFile; fileRef = D3A69CFE1AA2150000601E52 /* GridStorageTests.m */; };
/* End PBXBuildFile section */

/* Begin PBXContainerItemProxy section */
		D37F1FB41A8D993D00952ADF /* PBXContainerItemProxy */ = {
			isa = PBXContainerItemProxy;
			containerPortal = D37F1F8D1A8D993D00952ADF /* Project object */;
			proxyType = 1;
			remoteGlobalIDString = D37F1F941A8D993D00952ADF;
			remoteInfo = Grid;
		};
/* End PBXContainerItemProxy section */

/* Begin PBXFileReference section */
		D30DD17E1A96206F00CB6525 /* BinaryTreeMazeGenerator.h */ = {isa = PBXFileReference; fileEncoding = 4; lastKnownFileType = sourcecode.c.h; path = BinaryTreeMazeGenerator.h; sourceTree = "<group>"; };
		D30DD17F1A96206F00CB6525 /* BinaryTreeMazeGenerator.m */ = {isa = PBXFileReference; fileEncoding = 4; lastKnownFileType = sourcecode.c.objc; path = BinaryTreeMazeGenerator.m; sourceTree = "<group>"; };
		D37F1F951A8D993D00952ADF /* Grid.app */ = {isa = PBXFileReference; explicitFileType = wrapper.application; includeInIndex = 0; path = Grid.app; sourceTree = BUILT_PRODUCTS_DIR; };
		D37F1F991A8D993D00952ADF /* Info.plist */ = {isa = PBXFileReference; lastKnownFileType = text.plist.xml; path = Info.plist; sourceTree = "<group>"; };
		D37F1F9A1A8D993D00952ADF /* main.m */ = {isa = PBXFileReference; lastKnownFileType = sourcecode.c.objc; path = main.m; sourceTree = "<group>"; };
		D37F1F9C1A8D993D00952ADF /* AppDelegate.h */ = {isa = PBXFileReference; lastKnownFileType = sourcecode.c.h; path = AppDelegate.h; sourceTree = "<group>"; };
		D37F1F9D1A8D993D00952ADF /* AppDelegate.m */ = {isa = PBXFileReference; lastKnownFileType = sourcecode.c.objc; path = AppDelegate.m; sourceTree = "<group>"; };
		D37F1F9F1A8D993D00952ADF /* GameScene.h */ = {isa = PBXFileReference; lastKnownFileType = sourcecode.c.h; path = GameScene.h; sourceTree = "<group>"; };
		D37F1FA01A8D993D00952ADF /* GameScene.m */ = {isa = PBXFileReference; lastKnownFileType = sourcecode.c.objc; path = GameScene.m; sourceTree = "<group>"; };
		D37F1FA21A8D993D00952ADF /* GameScene.sks */ = {isa = PBXFileReference; lastKnownFileType = file.sks; path = GameScene.sks; sourceTree = "<group>"; };
		D37F1FA41A8D993D00952ADF /* GameViewController.h */ = {isa = PBXFileReference; lastKnownFileType = sourcecode.c.h; path = GameViewController.h; sourceTree = "<group>"; };
		D37F1FA51A8D993D00952ADF /* GameViewController.m */ = {isa = PBXFileReference; lastKnownFileType = sourcecode.c.objc; path = GameViewController.m; sourceTree = "<group>"; };
		D37F1FA81A8D993D00952ADF /* Base */ = {isa = PBXFileReference; lastKnownFileType = file.storyboard; name = Base; path = Base.lproj/Main.storyboard; sourceTree = "<group>"; };
		D37F1FAA1A8D993D00952ADF /* Images.xcassets */ = {isa = PBXFileReference; lastKnownFileType = folder.assetcatalog; path = Images.xcassets; sourceTree = "<group>"; };
		D37F1FAD1A8D993D00952ADF /* Base */ = {isa = PBXFileReference; lastKnownFileType = file.xib; name = Base; path = Base.lproj/LaunchScreen.xib; sourceTree = "<group>"; };
		D37F1FB31A8D993D00952ADF /* GridTests.xctest */ = {isa = PBXFileReference; explicitFileType = wrapper.cfbundle; includeInIndex = 0; path = GridTests.xctest; sourceTree = BUILT_PRODUCTS_DIR; };
		D37F1FB81A8D993D00952ADF /* Info.plist */ = {isa = PBXFileReference; lastKnownFileType = text.plist.xml; path = Info.plist; sourceTree = "<group>"; };
		D37F1FB91A8D993D00952ADF /* FaceTests.m */ = {isa = PBXFileReference; lastKnownFileType = sourcecode.c.objc; path = FaceTests.m; sourceTree = "<group>"; };
		D37F1FC41A8D998C00952ADF /* BBSquareGrid.h */ = {isa = PBXFileReference; fileEncoding = 4; lastKnownFileType = sourcecode.c.h; path = BBSquareGrid.h; sourceTree = "<group>"; };
		D37F1FC51A8D998C00952ADF /* BBSquareGrid.m */ = {isa = PBXFileReference; fileEncoding = 4; lastKnownFileType = sourcecode.c.objc; path = BBSquareGrid.m; sourceTree = "<group>"; };
		D37F1FC71A8D999C00952ADF /* BBFace.h */ = {isa = PBXFileReference; fileEncoding = 4; lastKnownFileType = sourcecode.c.h; path = BBFace.h; sourceTree = "<group>"; };
		D37F1FC81A8D999C00952ADF /* BBFace.m */ = {isa = PBXFileReference; fileEncoding = 4; lastKnownFileType = sourcecode.c.objc; path = BBFace.m; sourceTree = "<group>"; };
		D37F1FCA1A8D99A400952ADF /* BBEdge.h */ = {isa = PBXFileReference; fileEncoding = 4; lastKnownFileType = sourcecode.c.h; path = BBEdge.h; sourceTree = "<group>"; };
		D37F1FCB1A8D99A400952ADF /* BBEdge.m */ = {isa = PBXFileReference; fileEncoding = 4; lastKnownFileType = sourcecode.c.objc; path = BBEdge.m; sourceTree = "<group>"; };
		D37F1FCD1A8D99AC00952ADF /* BBVertex.h */ = {isa = PBXFileReference; fileEncoding = 4; lastKnownFileType = sourcecode.c.h; path = BBVertex.h; sourceTree = "<group>"; };
		D37F1FCE1A8D99AC00952ADF /* BBVertex.m */ = {isa = PBXFileReference; fileEncoding = 4; lastKnownFileType = sourcecode.c.objc; path = BBVertex.m; sourceTree = "<group>"; };
		D37F1FD01A8E356800952ADF /* BBSquareGridController.h */ = {isa = PBXFileReference; fileEncoding = 4; lastKnownFileType = sourcecode.c.h; path = BBSquareGridController.h; sourceTree = "<group>"; };
		D37F1FD11A8E356800952ADF /* BBSquareGridController.m */ = {isa = PBXFileReference; fileEncoding = 4; lastKnownFileType = sourcecode.c.objc; path = BBSquareGridController.m; sourceTree = "<group>"; };
		D37F1FD31A8EDC6000952ADF /* EdgeTests.m */ = {isa = PBXFileReference; fileEncoding = 4; lastKnownFileType = sourcecode.c.objc; path = EdgeTests.m; sourceTree = "<group>"; };
		D3A69C8F1A9F6A3400601E52 /* GridTests.m */ = {isa = PBXFileReference; fileEncoding = 4; lastKnownFileType = sourcecode.c.objc; path = GridTests.m; sourceTree = "<group>"; };
		D3A69C911A9F76B600601E52 /* GridDirectionTests.m */ = {isa = PBXFileReference; fileEncoding = 4; lastKnownFileType = sourcecode.c.objc; path = GridDirectionTests.m; sourceTree = "<group>"; };
		D3A69C931A9FA2A200601E52 /* VertexTests.m */ = {isa = PBXFileReference; fileEncoding = 4; lastKnownFileType = sourcecode.c.objc; path = VertexTests.m; sourceTree = "<group>"; };
		D3A69CFE1AA2150000601E52 /* GridStorageTests.m */ = {isa = PBXFileReference; fileEncoding = 4; lastKnownFileType = sourcecode.c.objc; path = GridStorageTests.m; sourceTree = "<group>"; };
/* End PBXFileReference section */

/* Begin PBXFrameworksBuildPhase section */
		D37F1F921A8D993D00952ADF /* Frameworks */ = {
			isa = PBXFrameworksBuildPhase;
			buildActionMask = 2147483647;
			files = (
			);
			runOnlyForDeploymentPostprocessing = 0;
		};
		D37F1FB01A8D993D00952ADF /* Frameworks */ = {
			isa = PBXFrameworksBuildPhase;
			buildActionMask = 2147483647;
			files = (
			);
			runOnlyForDeploymentPostprocessing = 0;
		};
/* End PBXFrameworksBuildPhase section */

/* Begin PBXGroup section */
		D37F1F8C1A8D993D00952ADF = {
			isa = PBXGroup;
			children = (
				D37F1F971A8D993D00952ADF /* Grid */,
				D37F1FB61A8D993D00952ADF /* GridTests */,
				D37F1F961A8D993D00952ADF /* Products */,
			);
			sourceTree = "<group>";
		};
		D37F1F961A8D993D00952ADF /* Products */ = {
			isa = PBXGroup;
			children = (
				D37F1F951A8D993D00952ADF /* Grid.app */,
				D37F1FB31A8D993D00952ADF /* GridTests.xctest */,
			);
			name = Products;
			sourceTree = "<group>";
		};
		D37F1F971A8D993D00952ADF /* Grid */ = {
			isa = PBXGroup;
			children = (
				D37F1FC31A8D996000952ADF /* Grid Model */,
				D37F1F9C1A8D993D00952ADF /* AppDelegate.h */,
				D37F1F9D1A8D993D00952ADF /* AppDelegate.m */,
				D37F1F9F1A8D993D00952ADF /* GameScene.h */,
				D37F1FA01A8D993D00952ADF /* GameScene.m */,
				D37F1FD01A8E356800952ADF /* BBSquareGridController.h */,
				D37F1FD11A8E356800952ADF /* BBSquareGridController.m */,
				D30DD17E1A96206F00CB6525 /* BinaryTreeMazeGenerator.h */,
				D30DD17F1A96206F00CB6525 /* BinaryTreeMazeGenerator.m */,
				D37F1FA21A8D993D00952ADF /* GameScene.sks */,
				D37F1FA41A8D993D00952ADF /* GameViewController.h */,
				D37F1FA51A8D993D00952ADF /* GameViewController.m */,
				D37F1FA71A8D993D00952ADF /* Main.storyboard */,
				D37F1FAA1A8D993D00952ADF /* Images.xcassets */,
				D37F1FAC1A8D993D00952ADF /* LaunchScreen.xib */,
				D37F1F981A8D993D00952ADF /* Supporting Files */,
			);
			path = Grid;
			sourceTree = "<group>";
		};
		D37F1F981A8D993D00952ADF /* Supporting Files */ = {
			isa = PBXGroup;
			children = (
				D37F1F991A8D993D00952ADF /* Info.plist */,
				D37F1F9A1A8D993D00952ADF /* main.m */,
			);
			name = "Supporting Files";
			sourceTree = "<group>";
		};
		D37F1FB61A8D993D00952ADF /* GridTests */ = {
			isa = PBXGroup;
			children = (
				D3A69C8F1A9F6A3400601E52 /* GridTests.m */,
				D3A69CFE1AA2150000601E52 /* GridStorageTests.m */,
				D3A69C911A9F76B600601E52 /* GridDirectionTests.m */,
				D37F1FB91A8D993D00952ADF /* FaceTests.m */,
				D37F1FD31A8EDC6000952ADF /* EdgeTests.m */,
				D3A69C931A9FA2A200601E52 /* VertexTests.m */,
				D37F1FB71A8D993D00952ADF /* Supporting Files */,
			);
			path = GridTests;
			sourceTree = "<group>";
		};
		D37F1FB71A8D993D00952ADF /* Supporting Files */ = {
			isa = PBXGroup;
			children = (
				D37F1FB81A8D993D00952ADF /* Info.plist */,
			);
			name = "Supporting Files";
			sourceTree = "<group>";
		};
		D37F1FC31A8D996000952ADF /* Grid Model */ = {
			isa = PBXGroup;
			children = (
				D37F1FC41A8D998C00952ADF /* BBSquareGrid.h */,
				D37F1FC51A8D998C00952ADF /* BBSquareGrid.m */,
				D37F1FC71A8D999C00952ADF /* BBFace.h */,
				D37F1FC81A8D999C00952ADF /* BBFace.m */,
				D37F1FCA1A8D99A400952ADF /* BBEdge.h */,
				D37F1FCB1A8D99A400952ADF /* BBEdge.m */,
				D37F1FCD1A8D99AC00952ADF /* BBVertex.h */,
				D37F1FCE1A8D99AC00952ADF /* BBVertex.m */,
			);
			name = "Grid Model";
			sourceTree = "<group>";
		};
/* End PBXGroup section */

/* Begin PBXNativeTarget section */
		D37F1F941A8D993D00952ADF /* Grid */ = {
			isa = PBXNativeTarget;
			buildConfigurationList = D37F1FBD1A8D993D00952ADF /* Build configuration list for PBXNativeTarget "Grid" */;
			buildPhases = (
				D37F1F911A8D993D00952ADF /* Sources */,
				D37F1F921A8D993D00952ADF /* Frameworks */,
				D37F1F931A8D993D00952ADF /* Resources */,
			);
			buildRules = (
			);
			dependencies = (
			);
			name = Grid;
			productName = Grid;
			productReference = D37F1F951A8D993D00952ADF /* Grid.app */;
			productType = "com.apple.product-type.application";
		};
		D37F1FB21A8D993D00952ADF /* GridTests */ = {
			isa = PBXNativeTarget;
			buildConfigurationList = D37F1FC01A8D993D00952ADF /* Build configuration list for PBXNativeTarget "GridTests" */;
			buildPhases = (
				D37F1FAF1A8D993D00952ADF /* Sources */,
				D37F1FB01A8D993D00952ADF /* Frameworks */,
				D37F1FB11A8D993D00952ADF /* Resources */,
			);
			buildRules = (
			);
			dependencies = (
				D37F1FB51A8D993D00952ADF /* PBXTargetDependency */,
			);
			name = GridTests;
			productName = GridTests;
			productReference = D37F1FB31A8D993D00952ADF /* GridTests.xctest */;
			productType = "com.apple.product-type.bundle.unit-test";
		};
/* End PBXNativeTarget section */

/* Begin PBXProject section */
		D37F1F8D1A8D993D00952ADF /* Project object */ = {
			isa = PBXProject;
			attributes = {
				LastUpgradeCheck = 0610;
				ORGANIZATIONNAME = "Brian Broom";
				TargetAttributes = {
					D37F1F941A8D993D00952ADF = {
						CreatedOnToolsVersion = 6.1.1;
					};
					D37F1FB21A8D993D00952ADF = {
						CreatedOnToolsVersion = 6.1.1;
						TestTargetID = D37F1F941A8D993D00952ADF;
					};
				};
			};
			buildConfigurationList = D37F1F901A8D993D00952ADF /* Build configuration list for PBXProject "Grid" */;
			compatibilityVersion = "Xcode 3.2";
			developmentRegion = English;
			hasScannedForEncodings = 0;
			knownRegions = (
				en,
				Base,
			);
			mainGroup = D37F1F8C1A8D993D00952ADF;
			productRefGroup = D37F1F961A8D993D00952ADF /* Products */;
			projectDirPath = "";
			projectRoot = "";
			targets = (
				D37F1F941A8D993D00952ADF /* Grid */,
				D37F1FB21A8D993D00952ADF /* GridTests */,
			);
		};
/* End PBXProject section */

/* Begin PBXResourcesBuildPhase section */
		D37F1F931A8D993D00952ADF /* Resources */ = {
			isa = PBXResourcesBuildPhase;
			buildActionMask = 2147483647;
			files = (
				D37F1FAE1A8D993D00952ADF /* LaunchScreen.xib in Resources */,
				D37F1FAB1A8D993D00952ADF /* Images.xcassets in Resources */,
				D37F1FA31A8D993D00952ADF /* GameScene.sks in Resources */,
				D37F1FA91A8D993D00952ADF /* Main.storyboard in Resources */,
			);
			runOnlyForDeploymentPostprocessing = 0;
		};
		D37F1FB11A8D993D00952ADF /* Resources */ = {
			isa = PBXResourcesBuildPhase;
			buildActionMask = 2147483647;
			files = (
			);
			runOnlyForDeploymentPostprocessing = 0;
		};
/* End PBXResourcesBuildPhase section */

/* Begin PBXSourcesBuildPhase section */
		D37F1F911A8D993D00952ADF /* Sources */ = {
			isa = PBXSourcesBuildPhase;
			buildActionMask = 2147483647;
			files = (
				D37F1FC91A8D999C00952ADF /* BBFace.m in Sources */,
				D37F1FD21A8E356800952ADF /* BBSquareGridController.m in Sources */,
				D37F1FCC1A8D99A400952ADF /* BBEdge.m in Sources */,
				D37F1FA61A8D993D00952ADF /* GameViewController.m in Sources */,
				D37F1FC61A8D998C00952ADF /* BBSquareGrid.m in Sources */,
				D37F1F9E1A8D993D00952ADF /* AppDelegate.m in Sources */,
				D37F1FA11A8D993D00952ADF /* GameScene.m in Sources */,
				D30DD1801A96206F00CB6525 /* BinaryTreeMazeGenerator.m in Sources */,
				D37F1F9B1A8D993D00952ADF /* main.m in Sources */,
				D37F1FCF1A8D99AC00952ADF /* BBVertex.m in Sources */,
			);
			runOnlyForDeploymentPostprocessing = 0;
		};
		D37F1FAF1A8D993D00952ADF /* Sources */ = {
			isa = PBXSourcesBuildPhase;
			buildActionMask = 2147483647;
			files = (
				D3A69C941A9FA2A200601E52 /* VertexTests.m in Sources */,
				D3A69CFF1AA2150000601E52 /* GridStorageTests.m in Sources */,
				D37F1FD41A8EDC6000952ADF /* EdgeTests.m in Sources */,
				D3A69C921A9F76B600601E52 /* GridDirectionTests.m in Sources */,
				D37F1FBA1A8D993D00952ADF /* FaceTests.m in Sources */,
				D3A69C901A9F6A3400601E52 /* GridTests.m in Sources */,
			);
			runOnlyForDeploymentPostprocessing = 0;
		};
/* End PBXSourcesBuildPhase section */

/* Begin PBXTargetDependency section */
		D37F1FB51A8D993D00952ADF /* PBXTargetDependency */ = {
			isa = PBXTargetDependency;
			target = D37F1F941A8D993D00952ADF /* Grid */;
			targetProxy = D37F1FB41A8D993D00952ADF /* PBXContainerItemProxy */;
		};
/* End PBXTargetDependency section */

/* Begin PBXVariantGroup section */
		D37F1FA71A8D993D00952ADF /* Main.storyboard */ = {
			isa = PBXVariantGroup;
			children = (
				D37F1FA81A8D993D00952ADF /* Base */,
			);
			name = Main.storyboard;
			sourceTree = "<group>";
		};
		D37F1FAC1A8D993D00952ADF /* LaunchScreen.xib */ = {
			isa = PBXVariantGroup;
			children = (
				D37F1FAD1A8D993D00952ADF /* Base */,
			);
			name = LaunchScreen.xib;
			sourceTree = "<group>";
		};
/* End PBXVariantGroup section */

/* Begin XCBuildConfiguration section */
		D37F1FBB1A8D993D00952ADF /* Debug */ = {
			isa = XCBuildConfiguration;
			buildSettings = {
				ALWAYS_SEARCH_USER_PATHS = NO;
				CLANG_CXX_LANGUAGE_STANDARD = "gnu++0x";
				CLANG_CXX_LIBRARY = "libc++";
				CLANG_ENABLE_MODULES = YES;
				CLANG_ENABLE_OBJC_ARC = YES;
				CLANG_WARN_BOOL_CONVERSION = YES;
				CLANG_WARN_CONSTANT_CONVERSION = YES;
				CLANG_WARN_DIRECT_OBJC_ISA_USAGE = YES_ERROR;
				CLANG_WARN_EMPTY_BODY = YES;
				CLANG_WARN_ENUM_CONVERSION = YES;
				CLANG_WARN_INT_CONVERSION = YES;
				CLANG_WARN_OBJC_ROOT_CLASS = YES_ERROR;
				CLANG_WARN_UNREACHABLE_CODE = YES;
				CLANG_WARN__DUPLICATE_METHOD_MATCH = YES;
				"CODE_SIGN_IDENTITY[sdk=iphoneos*]" = "iPhone Developer";
				COPY_PHASE_STRIP = NO;
				ENABLE_STRICT_OBJC_MSGSEND = YES;
				GCC_C_LANGUAGE_STANDARD = gnu99;
				GCC_DYNAMIC_NO_PIC = NO;
				GCC_OPTIMIZATION_LEVEL = 0;
				GCC_PREPROCESSOR_DEFINITIONS = (
					"DEBUG=1",
					"$(inherited)",
				);
				GCC_SYMBOLS_PRIVATE_EXTERN = NO;
				GCC_WARN_64_TO_32_BIT_CONVERSION = YES;
				GCC_WARN_ABOUT_RETURN_TYPE = YES_ERROR;
				GCC_WARN_UNDECLARED_SELECTOR = YES;
				GCC_WARN_UNINITIALIZED_AUTOS = YES_AGGRESSIVE;
				GCC_WARN_UNUSED_FUNCTION = YES;
				GCC_WARN_UNUSED_VARIABLE = YES;
				IPHONEOS_DEPLOYMENT_TARGET = 8.1;
				MTL_ENABLE_DEBUG_INFO = YES;
				ONLY_ACTIVE_ARCH = YES;
				SDKROOT = iphoneos;
			};
			name = Debug;
		};
		D37F1FBC1A8D993D00952ADF /* Release */ = {
			isa = XCBuildConfiguration;
			buildSettings = {
				ALWAYS_SEARCH_USER_PATHS = NO;
				CLANG_CXX_LANGUAGE_STANDARD = "gnu++0x";
				CLANG_CXX_LIBRARY = "libc++";
				CLANG_ENABLE_MODULES = YES;
				CLANG_ENABLE_OBJC_ARC = YES;
				CLANG_WARN_BOOL_CONVERSION = YES;
				CLANG_WARN_CONSTANT_CONVERSION = YES;
				CLANG_WARN_DIRECT_OBJC_ISA_USAGE = YES_ERROR;
				CLANG_WARN_EMPTY_BODY = YES;
				CLANG_WARN_ENUM_CONVERSION = YES;
				CLANG_WARN_INT_CONVERSION = YES;
				CLANG_WARN_OBJC_ROOT_CLASS = YES_ERROR;
				CLANG_WARN_UNREACHABLE_CODE = YES;
				CLANG_WARN__DUPLICATE_METHOD_MATCH = YES;
				"CODE_SIGN_IDENTITY[sdk=iphoneos*]" = "iPhone Developer";
				COPY_PHASE_STRIP = YES;
				ENABLE_NS_ASSERTIONS = NO;
				ENABLE_STRICT_OBJC_MSGSEND = YES;
				GCC_C_LANGUAGE_STANDARD = gnu99;
				GCC_WARN_64_TO_32_BIT_CONVERSION = YES;
				GCC_WARN_ABOUT_RETURN_TYPE = YES_ERROR;
				GCC_WARN_UNDECLARED_SELECTOR = YES;
				GCC_WARN_UNINITIALIZED_AUTOS = YES_AGGRESSIVE;
				GCC_WARN_UNUSED_FUNCTION = YES;
				GCC_WARN_UNUSED_VARIABLE = YES;
				IPHONEOS_DEPLOYMENT_TARGET = 8.1;
				MTL_ENABLE_DEBUG_INFO = NO;
				SDKROOT = iphoneos;
				VALIDATE_PRODUCT = YES;
			};
			name = Release;
		};
		D37F1FBE1A8D993D00952ADF /* Debug */ = {
			isa = XCBuildConfiguration;
			buildSettings = {
				ASSETCATALOG_COMPILER_APPICON_NAME = AppIcon;
				INFOPLIST_FILE = Grid/Info.plist;
				IPHONEOS_DEPLOYMENT_TARGET = 8.1;
				LD_RUNPATH_SEARCH_PATHS = "$(inherited) @executable_path/Frameworks";
				PRODUCT_NAME = "$(TARGET_NAME)";
			};
			name = Debug;
		};
		D37F1FBF1A8D993D00952ADF /* Release */ = {
			isa = XCBuildConfiguration;
			buildSettings = {
				ASSETCATALOG_COMPILER_APPICON_NAME = AppIcon;
				INFOPLIST_FILE = Grid/Info.plist;
				IPHONEOS_DEPLOYMENT_TARGET = 8.1;
				LD_RUNPATH_SEARCH_PATHS = "$(inherited) @executable_path/Frameworks";
				PRODUCT_NAME = "$(TARGET_NAME)";
			};
			name = Release;
		};
		D37F1FC11A8D993D00952ADF /* Debug */ = {
			isa = XCBuildConfiguration;
			buildSettings = {
				BUNDLE_LOADER = "$(TEST_HOST)";
				FRAMEWORK_SEARCH_PATHS = (
					"$(SDKROOT)/Developer/Library/Frameworks",
					"$(inherited)",
				);
				GCC_PREPROCESSOR_DEFINITIONS = (
					"DEBUG=1",
					"$(inherited)",
				);
				INFOPLIST_FILE = GridTests/Info.plist;
				LD_RUNPATH_SEARCH_PATHS = "$(inherited) @executable_path/Frameworks @loader_path/Frameworks";
				PRODUCT_NAME = "$(TARGET_NAME)";
				TEST_HOST = "$(BUILT_PRODUCTS_DIR)/Grid.app/Grid";
			};
			name = Debug;
		};
		D37F1FC21A8D993D00952ADF /* Release */ = {
			isa = XCBuildConfiguration;
			buildSettings = {
				BUNDLE_LOADER = "$(TEST_HOST)";
				FRAMEWORK_SEARCH_PATHS = (
					"$(SDKROOT)/Developer/Library/Frameworks",
					"$(inherited)",
				);
				INFOPLIST_FILE = GridTests/Info.plist;
				LD_RUNPATH_SEARCH_PATHS = "$(inherited) @executable_path/Frameworks @loader_path/Frameworks";
				PRODUCT_NAME = "$(TARGET_NAME)";
				TEST_HOST = "$(BUILT_PRODUCTS_DIR)/Grid.app/Grid";
			};
			name = Release;
		};
/* End XCBuildConfiguration section */

/* Begin XCConfigurationList section */
		D37F1F901A8D993D00952ADF /* Build configuration list for PBXProject "Grid" */ = {
			isa = XCConfigurationList;
			buildConfigurations = (
				D37F1FBB1A8D993D00952ADF /* Debug */,
				D37F1FBC1A8D993D00952ADF /* Release */,
			);
			defaultConfigurationIsVisible = 0;
			defaultConfigurationName = Release;
		};
		D37F1FBD1A8D993D00952ADF /* Build configuration list for PBXNativeTarget "Grid" */ = {
			isa = XCConfigurationList;
			buildConfigurations = (
				D37F1FBE1A8D993D00952ADF /* Debug */,
				D37F1FBF1A8D993D00952ADF /* Release */,
			);
			defaultConfigurationIsVisible = 0;
			defaultConfigurationName = Release;
		};
		D37F1FC01A8D993D00952ADF /* Build configuration list for PBXNativeTarget "GridTests" */ = {
			isa = XCConfigurationList;
			buildConfigurations = (
				D37F1FC11A8D993D00952ADF /* Debug */,
				D37F1FC21A8D993D00952ADF /* Release */,
			);
			defaultConfigurationIsVisible = 0;
			defaultConfigurationName = Release;
		};
/* End XCConfigurationList section */
	};
	rootObject = D37F1F8D1A8D993D00952ADF /* Project object */;
}
